
Microsoft Visual Studio Solution File, Format Version 12.00
# Visual Studio Version 17
VisualStudioVersion = 17.14.37012.4 d17.14
MinimumVisualStudioVersion = 10.0.40219.1
Project("{FAE04EC0-301F-11D3-BF4B-00C04F79EFBC}") = "Homework_LINQ_20260409", "Homework_LINQ_20260409\Homework_LINQ_20260409.csproj", "{FFA87CAE-139A-42DE-99D7-AEC1EFA9C022}"
EndProject
Global
	GlobalSection(SolutionConfigurationPlatforms) = preSolution
		Debug|Any CPU = Debug|Any CPU
		Release|Any CPU = Release|Any CPU
	EndGlobalSection
	GlobalSection(ProjectConfigurationPlatforms) = postSolution
		{FFA87CAE-139A-42DE-99D7-AEC1EFA9C022}.Debug|Any CPU.ActiveCfg = Debug|Any CPU
		{FFA87CAE-139A-42DE-99D7-AEC1EFA9C022}.Debug|Any CPU.Build.0 = Debug|Any CPU
		{FFA87CAE-139A-42DE-99D7-AEC1EFA9C022}.Release|Any CPU.ActiveCfg = Release|Any CPU
		{FFA87CAE-139A-42DE-99D7-AEC1EFA9C022}.Release|Any CPU.Build.0 = Release|Any CPU
	EndGlobalSection
	GlobalSection(SolutionProperties) = preSolution
		HideSolutionNode = FALSE
	EndGlobalSection
	GlobalSection(ExtensibilityGlobals) = postSolution
		SolutionGuid = {6FBFECA6-50A6-4180-8610-95F39B29DEB0}
	EndGlobalSection
EndGlobal
